
Microsoft Visual Studio Solution File, Format Version 12.00
# Visual Studio 15
VisualStudioVersion = 15.0.28010.2026
MinimumVisualStudioVersion = 10.0.40219.1
Project("{FAE04EC0-301F-11D3-BF4B-00C04F79EFBC}") = "BazaDanychKlientów", "BazaDanychKlientów\BazaDanychKlientów.csproj", "{EFA82049-0F69-457E-8B8F-C13887806447}"
EndProject
Project("{FAE04EC0-301F-11D3-BF4B-00C04F79EFBC}") = "BazaDanychKlientówTesty", "BazaDanychKlientówTesty\BazaDanychKlientówTesty.csproj", "{46BA7413-35B7-4AE1-81FD-92CFD84BFDEE}"
EndProject
Project("{FAE04EC0-301F-11D3-BF4B-00C04F79EFBC}") = "MathServiceTests", "MathServiceTests\MathServiceTests.csproj", "{50DE349D-7E86-48C3-8DDE-151CFA064626}"
EndProject
Project("{FAE04EC0-301F-11D3-BF4B-00C04F79EFBC}") = "BazaDanychKlientowTestySelenium", "BazaDanychKlientowTestySelenium\BazaDanychKlientowTestySelenium.csproj", "{6C668F99-F159-473C-84DB-84F22CBC49F1}"
EndProject
Global
	GlobalSection(SolutionConfigurationPlatforms) = preSolution
		Debug|Any CPU = Debug|Any CPU
		Release|Any CPU = Release|Any CPU
	EndGlobalSection
	GlobalSection(ProjectConfigurationPlatforms) = postSolution
		{EFA82049-0F69-457E-8B8F-C13887806447}.Debug|Any CPU.ActiveCfg = Debug|Any CPU
		{EFA82049-0F69-457E-8B8F-C13887806447}.Debug|Any CPU.Build.0 = Debug|Any CPU
		{EFA82049-0F69-457E-8B8F-C13887806447}.Release|Any CPU.ActiveCfg = Release|Any CPU
		{EFA82049-0F69-457E-8B8F-C13887806447}.Release|Any CPU.Build.0 = Release|Any CPU
		{46BA7413-35B7-4AE1-81FD-92CFD84BFDEE}.Debug|Any CPU.ActiveCfg = Debug|Any CPU
		{46BA7413-35B7-4AE1-81FD-92CFD84BFDEE}.Debug|Any CPU.Build.0 = Debug|Any CPU
		{46BA7413-35B7-4AE1-81FD-92CFD84BFDEE}.Release|Any CPU.ActiveCfg = Release|Any CPU
		{46BA7413-35B7-4AE1-81FD-92CFD84BFDEE}.Release|Any CPU.Build.0 = Release|Any CPU
		{50DE349D-7E86-48C3-8DDE-151CFA064626}.Debug|Any CPU.ActiveCfg = Debug|Any CPU
		{50DE349D-7E86-48C3-8DDE-151CFA064626}.Debug|Any CPU.Build.0 = Debug|Any CPU
		{50DE349D-7E86-48C3-8DDE-151CFA064626}.Release|Any CPU.ActiveCfg = Release|Any CPU
		{50DE349D-7E86-48C3-8DDE-151CFA064626}.Release|Any CPU.Build.0 = Release|Any CPU
		{6C668F99-F159-473C-84DB-84F22CBC49F1}.Debug|Any CPU.ActiveCfg = Debug|Any CPU
		{6C668F99-F159-473C-84DB-84F22CBC49F1}.Debug|Any CPU.Build.0 = Debug|Any CPU
		{6C668F99-F159-473C-84DB-84F22CBC49F1}.Release|Any CPU.ActiveCfg = Release|Any CPU
		{6C668F99-F159-473C-84DB-84F22CBC49F1}.Release|Any CPU.Build.0 = Release|Any CPU
	EndGlobalSection
	GlobalSection(SolutionProperties) = preSolution
		HideSolutionNode = FALSE
	EndGlobalSection
	GlobalSection(ExtensibilityGlobals) = postSolution
		SolutionGuid = {63630DD5-A7A8-486D-8A7D-318597CE3039}
	EndGlobalSection
EndGlobal
